{
    "_readme": [
        "This file locks the dependencies of your project to a known state",
        "Read more about it at https://getcomposer.org/doc/01-basic-usage.md#installing-dependencies",
        "This file is @generated automatically"
    ],
    "content-hash": "ec77ff8ca4895fbe16cd3f9ab9d96971",
    "packages": [
        {
            "name": "convertapi/convertapi-php",
            "version": "dev-master",
            "source": {
                "type": "git",
                "url": "https://github.com/ConvertAPI/convertapi-php.git",
                "reference": "8699697635d0913100ccd294fc900ea771f82fd6"
            },
            "dist": {
                "type": "zip",
                "url": "https://api.github.com/repos/ConvertAPI/convertapi-php/zipball/8699697635d0913100ccd294fc900ea771f82fd6",
                "reference": "8699697635d0913100ccd294fc900ea771f82fd6",
                "shasum": ""
            },
            "require": {
                "ext-curl": "*",
                "ext-json": "*",
                "php": ">=5.4.0"
            },
            "require-dev": {
                "phpunit/phpunit": "~4.0"
            },
            "default-branch": true,
            "type": "library",
            "autoload": {
                "psr-0": {
                    "ConvertApi\\": "lib/"
                }
            },
            "notification-url": "https://packagist.org/downloads/",
            "license": [
                "MIT"
            ],
            "authors": [
                {
                    "name": "ConvertAPI and contributors",
                    "homepage": "https://github.com/ConvertAPI/convertapi-php/graphs/contributors"
                }
            ],
            "description": "Convert API PHP Client",
            "homepage": "https://github.com/ConvertAPI/convertapi-php",
            "keywords": [
                "api",
                "client",
                "conversion",
                "convert"
            ],
            "support": {
                "issues": "https://github.com/ConvertAPI/convertapi-php/issues",
                "source": "https://github.com/ConvertAPI/convertapi-php/tree/master"
            },
            "time": "2021-02-06T17:02:22+00:00"
        }
    ],
    "packages-dev": [],
    "aliases": [],
    "minimum-stability": "dev",
    "stability-flags": {
        "convertapi/convertapi-php": 20
    },
    "prefer-stable": false,
    "prefer-lowest": false,
    "platform": {
        "ext-curl": "*",
        "ext-json": "*"
    },
    "platform-dev": [],
    "plugin-api-version": "2.1.0"
}
